{
  "name": "angular-tour-of-heroes",
  "version": "0.0.0",
  "lockfileVersion": 1,
  "requires": true,
  "dependencies": {
    "@angular/animations": {
      "version": "10.1.3",
      "resolved": "https://registry.npmjs.org/@angular/animations/-/animations-10.1.3.tgz",
      "integrity": "sha512-qIdxP28iF6qaoGBB3C6VvHt22nR3FMK5kh+no+jYmmy6z5cBVhwS/Vb6nkx+XRqivKBVHxWNZQ4ae6xmTg/k7A==",
      "requires": {
        "tslib": "^2.0.0"
      }
    },
    "@angular/common": {
      "version": "10.1.3",
      "resolved": "https://registry.npmjs.org/@angular/common/-/common-10.1.3.tgz",
      "integrity": "sha512-+9UsK+ZTCLO3MvTYlDTbjJGAZxtK9WftHWxbT3NTAJ8tisDfb+MwXB0xNw7qLOysMe3u04zShT0YXYZo5aJBrw==",
      "requires": {
        "tslib": "^2.0.0"
      }
    },
    "@angular/compiler": {
      "version": "10.1.3",
      "resolved": "https://registry.npmjs.org/@angular/compiler/-/compiler-10.1.3.tgz",
      "integrity": "sha512-rfiXkf6BPFWHLU0rg+c5BgTdrxVJcyOQipKw3iI2W00RsU3VCFTXKYpm10DamhRrNOf8rJcboqMbdi34awy6xA==",
      "requires": {
        "tslib": "^2.0.0"
      }
    },
    "@angular/core": {
      "version": "10.1.3",
      "resolved": "https://registry.npmjs.org/@angular/core/-/core-10.1.3.tgz",
      "integrity": "sha512-2rnNa8bSH1JoQRzUWXXvPGgxtNA6mSiIqDZs1tHdQZxJI15NbyAJhw6lglgBFahE/nOcUx+11ZhxaPJWSsbEOg==",
      "requires": {
        "tslib": "^2.0.0"
      }
    },
    "@angular/forms": {
      "version": "10.1.3",
      "resolved": "https://registry.npmjs.org/@angular/forms/-/forms-10.1.3.tgz",
      "integrity": "sha512-ntLnIZnEo+9ziajnjQPYvVR5m0gRfQBbXx5dug4EuUI5SzE2WzcTEZTnltgw4cLqOy/fOt8cXMiW0YeRBHsjKA==",
      "requires": {
        "tslib": "^2.0.0"
      }
    },
    "@angular/platform-browser": {
      "version": "10.1.3",
      "resolved": "https://registry.npmjs.org/@angular/platform-browser/-/platform-browser-10.1.3.tgz",
      "integrity": "sha512-Y5/M9NEmQceda96a9ntmxidfgJTf23DmEvGw0SJ1TAn2X9EjlM4s7H8KNH9R/tDPK9QcuvzX9FTZsxQ9b6kCFQ==",
      "requires": {
        "tslib": "^2.0.0"
      }
    },
    "@angular/platform-browser-dynamic": {
      "version": "10.1.3",
      "resolved": "https://registry.npmjs.org/@angular/platform-browser-dynamic/-/platform-browser-dynamic-10.1.3.tgz",
      "integrity": "sha512-JGVz0XxiZuF1FGJ2zUk1/TogIlBFgFCUgNbSyULIfE/UXcuuvvLlzF+ls26tHK06lFHRAVHFjjDpyA270UzRTQ==",
      "requires": {
        "tslib": "^2.0.0"
      }
    },
    "@angular/router": {
      "version": "10.1.3",
      "resolved": "https://registry.npmjs.org/@angular/router/-/router-10.1.3.tgz",
      "integrity": "sha512-CAd6u1y+NjB8edtuC2j2OpS6xFO+s90bg4kyu7zr9i0wIQX8xI+neFzkTeoYWJ0PNfi05cCGelyQnLZPZFsyvw==",
      "requires": {
        "tslib": "^2.0.0"
      }
    },
    "angular-in-memory-web-api": {
      "version": "0.11.0",
      "resolved": "https://registry.npmjs.org/angular-in-memory-web-api/-/angular-in-memory-web-api-0.11.0.tgz",
      "integrity": "sha512-QV1qYHm+Zd+wrvlcPLnAcqqGpOmCN1EUj4rRuYHpek8+QqFFdxBNuPZOJCKvU7I97z5QSKHsdc6PNKlpUQr3UA=="
    },
    "rxjs": {
      "version": "6.6.3",
      "resolved": "https://registry.npmjs.org/rxjs/-/rxjs-6.6.3.tgz",
      "integrity": "sha512-trsQc+xYYXZ3urjOiJOuCOa5N3jAZ3eiSpQB5hIT8zGlL2QfnHLJ2r7GMkBGuIausdJN1OneaI6gQlsqNHHmZQ==",
      "requires": {
        "tslib": "^1.9.0"
      },
      "dependencies": {
        "tslib": {
          "version": "1.13.0",
          "resolved": "https://registry.npmjs.org/tslib/-/tslib-1.13.0.tgz",
          "integrity": "sha512-i/6DQjL8Xf3be4K/E6Wgpekn5Qasl1usyw++dAA35Ue5orEn65VIxOA+YvNNl9HV3qv70T7CNwjODHZrLwvd1Q=="
        }
      }
    },
    "tslib": {
      "version": "2.0.1",
      "resolved": "https://registry.npmjs.org/tslib/-/tslib-2.0.1.tgz",
      "integrity": "sha512-SgIkNheinmEBgx1IUNirK0TUD4X9yjjBRTqqjggWCU3pUEqIk3/Uwl3yRixYKT6WjQuGiwDv4NomL3wqRCj+CQ=="
    },
    "zone.js": {
      "version": "0.11.1",
      "resolved": "https://registry.npmjs.org/zone.js/-/zone.js-0.11.1.tgz",
      "integrity": "sha512-KcZawpmVgS+3U2rzKTM6fLKaCX1QDv3//NxiSOOsqpQY/r5hl+xpYikPwY93Sp7CAB+J5mZJpb/YubxEYLGK5g==",
      "dev": true,
      "requires": {
        "tslib": "^2.0.0"
      }
    }
  }
}
